// !$*UTF8*$!
{
	archiveVersion = 1;
	classes = {
	};
	objectVersion = 50;
	objects = {

/* Begin PBXBuildFile section */
		C9349E102211A83E00DD9E18 /* AppDelegate.m in Sources */ = {isa = PBXBuildFile; fileRef = C9349E0F2211A83E00DD9E18 /* AppDelegate.m */; };
		C9349E132211A83E00DD9E18 /* ViewController.m in Sources */ = {isa = PBXBuildFile; fileRef = C9349E122211A83E00DD9E18 /* ViewController.m */; };
		C9349E162211A83E00DD9E18 /* Main.storyboard in Resources */ = {isa = PBXBuildFile; fileRef = C9349E142211A83E00DD9E18 /* Main.storyboard */; };
		C9349E182211A83F00DD9E18 /* Assets.xcassets in Resources */ = {isa = PBXBuildFile; fileRef = C9349E172211A83F00DD9E18 /* Assets.xcassets */; };
		C9349E1B2211A83F00DD9E18 /* LaunchScreen.storyboard in Resources */ = {isa = PBXBuildFile; fileRef = C9349E192211A83F00DD9E18 /* LaunchScreen.storyboard */; };
		C9349E1E2211A83F00DD9E18 /* main.m in Sources */ = {isa = PBXBuildFile; fileRef = C9349E1D2211A83F00DD9E18 /* main.m */; };
		C9349E282211A83F00DD9E18 /* Runtime_01Tests.m in Sources */ = {isa = PBXBuildFile; fileRef = C9349E272211A83F00DD9E18 /* Runtime_01Tests.m */; };
		C9349E332211A83F00DD9E18 /* Runtime_01UITests.m in Sources */ = {isa = PBXBuildFile; fileRef = C9349E322211A83F00DD9E18 /* Runtime_01UITests.m */; };
		C9349E422211A85D00DD9E18 /* Person.m in Sources */ = {isa = PBXBuildFile; fileRef = C9349E412211A85D00DD9E18 /* Person.m */; };
/* End PBXBuildFile section */

/* Begin PBXContainerItemProxy section */
		C9349E242211A83F00DD9E18 /* PBXContainerItemProxy */ = {
			isa = PBXContainerItemProxy;
			containerPortal = C9349E032211A83E00DD9E18 /* Project object */;
			proxyType = 1;
			remoteGlobalIDString = C9349E0A2211A83E00DD9E18;
			remoteInfo = Runtime_01;
		};
		C9349E2F2211A83F00DD9E18 /* PBXContainerItemProxy */ = {
			isa = PBXContainerItemProxy;
			containerPortal = C9349E032211A83E00DD9E18 /* Project object */;
			proxyType = 1;
			remoteGlobalIDString = C9349E0A2211A83E00DD9E18;
			remoteInfo = Runtime_01;
		};
/* End PBXContainerItemProxy section */

/* Begin PBXFileReference section */
		C9349E0B2211A83E00DD9E18 /* Runtime_01.app */ = {isa = PBXFileReference; explicitFileType = wrapper.application; includeInIndex = 0; path = Runtime_01.app; sourceTree = BUILT_PRODUCTS_DIR; };
		C9349E0E2211A83E00DD9E18 /* AppDelegate.h */ = {isa = PBXFileReference; lastKnownFileType = sourcecode.c.h; path = AppDelegate.h; sourceTree = "<group>"; };
		C9349E0F2211A83E00DD9E18 /* AppDelegate.m */ = {isa = PBXFileReference; lastKnownFileType = sourcecode.c.objc; path = AppDelegate.m; sourceTree = "<group>"; };
		C9349E112211A83E00DD9E18 /* ViewController.h */ = {isa = PBXFileReference; lastKnownFileType = sourcecode.c.h; path = ViewController.h; sourceTree = "<group>"; };
		C9349E122211A83E00DD9E18 /* ViewController.m */ = {isa = PBXFileReference; lastKnownFileType = sourcecode.c.objc; path = ViewController.m; sourceTree = "<group>"; };
		C9349E152211A83E00DD9E18 /* Base */ = {isa = PBXFileReference; lastKnownFileType = file.storyboard; name = Base; path = Base.lproj/Main.storyboard; sourceTree = "<group>"; };
		C9349E172211A83F00DD9E18 /* Assets.xcassets */ = {isa = PBXFileReference; lastKnownFileType = folder.assetcatalog; path = Assets.xcassets; sourceTree = "<group>"; };
		C9349E1A2211A83F00DD9E18 /* Base */ = {isa = PBXFileReference; lastKnownFileType = file.storyboard; name = Base; path = Base.lproj/LaunchScreen.storyboard; sourceTree = "<group>"; };
		C9349E1C2211A83F00DD9E18 /* Info.plist */ = {isa = PBXFileReference; lastKnownFileType = text.plist.xml; path = Info.plist; sourceTree = "<group>"; };
		C9349E1D2211A83F00DD9E18 /* main.m */ = {isa = PBXFileReference; lastKnownFileType = sourcecode.c.objc; path = main.m; sourceTree = "<group>"; };
		C9349E232211A83F00DD9E18 /* Runtime_01Tests.xctest */ = {isa = PBXFileReference; explicitFileType = wrapper.cfbundle; includeInIndex = 0; path = Runtime_01Tests.xctest; sourceTree = BUILT_PRODUCTS_DIR; };
		C9349E272211A83F00DD9E18 /* Runtime_01Tests.m */ = {isa = PBXFileReference; lastKnownFileType = sourcecode.c.objc; path = Runtime_01Tests.m; sourceTree = "<group>"; };
		C9349E292211A83F00DD9E18 /* Info.plist */ = {isa = PBXFileReference; lastKnownFileType = text.plist.xml; path = Info.plist; sourceTree = "<group>"; };
		C9349E2E2211A83F00DD9E18 /* Runtime_01UITests.xctest */ = {isa = PBXFileReference; explicitFileType = wrapper.cfbundle; includeInIndex = 0; path = Runtime_01UITests.xctest; sourceTree = BUILT_PRODUCTS_DIR; };
		C9349E322211A83F00DD9E18 /* Runtime_01UITests.m */ = {isa = PBXFileReference; lastKnownFileType = sourcecode.c.objc; path = Runtime_01UITests.m; sourceTree = "<group>"; };
		C9349E342211A83F00DD9E18 /* Info.plist */ = {isa = PBXFileReference; lastKnownFileType = text.plist.xml; path = Info.plist; sourceTree = "<group>"; };
		C9349E402211A85D00DD9E18 /* Person.h */ = {isa = PBXFileReference; lastKnownFileType = sourcecode.c.h; path = Person.h; sourceTree = "<group>"; };
		C9349E412211A85D00DD9E18 /* Person.m */ = {isa = PBXFileReference; lastKnownFileType = sourcecode.c.objc; path = Person.m; sourceTree = "<group>"; };
/* End PBXFileReference section */

/* Begin PBXFrameworksBuildPhase section */
		C9349E082211A83E00DD9E18 /* Frameworks */ = {
			isa = PBXFrameworksBuildPhase;
			buildActionMask = 2147483647;
			files = (
			);
			runOnlyForDeploymentPostprocessing = 0;
		};
		C9349E202211A83F00DD9E18 /* Frameworks */ = {
			isa = PBXFrameworksBuildPhase;
			buildActionMask = 2147483647;
			files = (
			);
			runOnlyForDeploymentPostprocessing = 0;
		};
		C9349E2B2211A83F00DD9E18 /* Frameworks */ = {
			isa = PBXFrameworksBuildPhase;
			buildActionMask = 2147483647;
			files = (
			);
			runOnlyForDeploymentPostprocessing = 0;
		};
/* End PBXFrameworksBuildPhase section */

/* Begin PBXGroup section */
		C9349E022211A83E00DD9E18 = {
			isa = PBXGroup;
			children = (
				C9349E0D2211A83E00DD9E18 /* Runtime_01 */,
				C9349E262211A83F00DD9E18 /* Runtime_01Tests */,
				C9349E312211A83F00DD9E18 /* Runtime_01UITests */,
				C9349E0C2211A83E00DD9E18 /* Products */,
			);
			sourceTree = "<group>";
		};
		C9349E0C2211A83E00DD9E18 /* Products */ = {
			isa = PBXGroup;
			children = (
				C9349E0B2211A83E00DD9E18 /* Runtime_01.app */,
				C9349E232211A83F00DD9E18 /* Runtime_01Tests.xctest */,
				C9349E2E2211A83F00DD9E18 /* Runtime_01UITests.xctest */,
			);
			name = Products;
			sourceTree = "<group>";
		};
		C9349E0D2211A83E00DD9E18 /* Runtime_01 */ = {
			isa = PBXGroup;
			children = (
				C9349E0E2211A83E00DD9E18 /* AppDelegate.h */,
				C9349E0F2211A83E00DD9E18 /* AppDelegate.m */,
				C9349E112211A83E00DD9E18 /* ViewController.h */,
				C9349E122211A83E00DD9E18 /* ViewController.m */,
				C9349E402211A85D00DD9E18 /* Person.h */,
				C9349E412211A85D00DD9E18 /* Person.m */,
				C9349E142211A83E00DD9E18 /* Main.storyboard */,
				C9349E172211A83F00DD9E18 /* Assets.xcassets */,
				C9349E192211A83F00DD9E18 /* LaunchScreen.storyboard */,
				C9349E1C2211A83F00DD9E18 /* Info.plist */,
				C9349E1D2211A83F00DD9E18 /* main.m */,
			);
			path = Runtime_01;
			sourceTree = "<group>";
		};
		C9349E262211A83F00DD9E18 /* Runtime_01Tests */ = {
			isa = PBXGroup;
			children = (
				C9349E272211A83F00DD9E18 /* Runtime_01Tests.m */,
				C9349E292211A83F00DD9E18 /* Info.plist */,
			);
			path = Runtime_01Tests;
			sourceTree = "<group>";
		};
		C9349E312211A83F00DD9E18 /* Runtime_01UITests */ = {
			isa = PBXGroup;
			children = (
				C9349E322211A83F00DD9E18 /* Runtime_01UITests.m */,
				C9349E342211A83F00DD9E18 /* Info.plist */,
			);
			path = Runtime_01UITests;
			sourceTree = "<group>";
		};
/* End PBXGroup section */

/* Begin PBXNativeTarget section */
		C9349E0A2211A83E00DD9E18 /* Runtime_01 */ = {
			isa = PBXNativeTarget;
			buildConfigurationList = C9349E372211A83F00DD9E18 /* Build configuration list for PBXNativeTarget "Runtime_01" */;
			buildPhases = (
				C9349E072211A83E00DD9E18 /* Sources */,
				C9349E082211A83E00DD9E18 /* Frameworks */,
				C9349E092211A83E00DD9E18 /* Resources */,
			);
			buildRules = (
			);
			dependencies = (
			);
			name = Runtime_01;
			productName = Runtime_01;
			productReference = C9349E0B2211A83E00DD9E18 /* Runtime_01.app */;
			productType = "com.apple.product-type.application";
		};
		C9349E222211A83F00DD9E18 /* Runtime_01Tests */ = {
			isa = PBXNativeTarget;
			buildConfigurationList = C9349E3A2211A83F00DD9E18 /* Build configuration list for PBXNativeTarget "Runtime_01Tests" */;
			buildPhases = (
				C9349E1F2211A83F00DD9E18 /* Sources */,
				C9349E202211A83F00DD9E18 /* Frameworks */,
				C9349E212211A83F00DD9E18 /* Resources */,
			);
			buildRules = (
			);
			dependencies = (
				C9349E252211A83F00DD9E18 /* PBXTargetDependency */,
			);
			name = Runtime_01Tests;
			productName = Runtime_01Tests;
			productReference = C9349E232211A83F00DD9E18 /* Runtime_01Tests.xctest */;
			productType = "com.apple.product-type.bundle.unit-test";
		};
		C9349E2D2211A83F00DD9E18 /* Runtime_01UITests */ = {
			isa = PBXNativeTarget;
			buildConfigurationList = C9349E3D2211A83F00DD9E18 /* Build configuration list for PBXNativeTarget "Runtime_01UITests" */;
			buildPhases = (
				C9349E2A2211A83F00DD9E18 /* Sources */,
				C9349E2B2211A83F00DD9E18 /* Frameworks */,
				C9349E2C2211A83F00DD9E18 /* Resources */,
			);
			buildRules = (
			);
			dependencies = (
				C9349E302211A83F00DD9E18 /* PBXTargetDependency */,
			);
			name = Runtime_01UITests;
			productName = Runtime_01UITests;
			productReference = C9349E2E2211A83F00DD9E18 /* Runtime_01UITests.xctest */;
			productType = "com.apple.product-type.bundle.ui-testing";
		};
/* End PBXNativeTarget section */

/* Begin PBXProject section */
		C9349E032211A83E00DD9E18 /* Project object */ = {
			isa = PBXProject;
			attributes = {
				LastUpgradeCheck = 0930;
				ORGANIZATIONNAME = "王亚辉";
				TargetAttributes = {
					C9349E0A2211A83E00DD9E18 = {
						CreatedOnToolsVersion = 9.3.1;
					};
					C9349E222211A83F00DD9E18 = {
						CreatedOnToolsVersion = 9.3.1;
						TestTargetID = C9349E0A2211A83E00DD9E18;
					};
					C9349E2D2211A83F00DD9E18 = {
						CreatedOnToolsVersion = 9.3.1;
						TestTargetID = C9349E0A2211A83E00DD9E18;
					};
				};
			};
			buildConfigurationList = C9349E062211A83E00DD9E18 /* Build configuration list for PBXProject "Runtime_01" */;
			compatibilityVersion = "Xcode 9.3";
			developmentRegion = en;
			hasScannedForEncodings = 0;
			knownRegions = (
				en,
				Base,
			);
			mainGroup = C9349E022211A83E00DD9E18;
			productRefGroup = C9349E0C2211A83E00DD9E18 /* Products */;
			projectDirPath = "";
			projectRoot = "";
			targets = (
				C9349E0A2211A83E00DD9E18 /* Runtime_01 */,
				C9349E222211A83F00DD9E18 /* Runtime_01Tests */,
				C9349E2D2211A83F00DD9E18 /* Runtime_01UITests */,
			);
		};
/* End PBXProject section */

/* Begin PBXResourcesBuildPhase section */
		C9349E092211A83E00DD9E18 /* Resources */ = {
			isa = PBXResourcesBuildPhase;
			buildActionMask = 2147483647;
			files = (
				C9349E1B2211A83F00DD9E18 /* LaunchScreen.storyboard in Resources */,
				C9349E182211A83F00DD9E18 /* Assets.xcassets in Resources */,
				C9349E162211A83E00DD9E18 /* Main.storyboard in Resources */,
			);
			runOnlyForDeploymentPostprocessing = 0;
		};
		C9349E212211A83F00DD9E18 /* Resources */ = {
			isa = PBXResourcesBuildPhase;
			buildActionMask = 2147483647;
			files = (
			);
			runOnlyForDeploymentPostprocessing = 0;
		};
		C9349E2C2211A83F00DD9E18 /* Resources */ = {
			isa = PBXResourcesBuildPhase;
			buildActionMask = 2147483647;
			files = (
			);
			runOnlyForDeploymentPostprocessing = 0;
		};
/* End PBXResourcesBuildPhase section */

/* Begin PBXSourcesBuildPhase section */
		C9349E072211A83E00DD9E18 /* Sources */ = {
			isa = PBXSourcesBuildPhase;
			buildActionMask = 2147483647;
			files = (
				C9349E132211A83E00DD9E18 /* ViewController.m in Sources */,
				C9349E1E2211A83F00DD9E18 /* main.m in Sources */,
				C9349E422211A85D00DD9E18 /* Person.m in Sources */,
				C9349E102211A83E00DD9E18 /* AppDelegate.m in Sources */,
			);
			runOnlyForDeploymentPostprocessing = 0;
		};
		C9349E1F2211A83F00DD9E18 /* Sources */ = {
			isa = PBXSourcesBuildPhase;
			buildActionMask = 2147483647;
			files = (
				C9349E282211A83F00DD9E18 /* Runtime_01Tests.m in Sources */,
			);
			runOnlyForDeploymentPostprocessing = 0;
		};
		C9349E2A2211A83F00DD9E18 /* Sources */ = {
			isa = PBXSourcesBuildPhase;
			buildActionMask = 2147483647;
			files = (
				C9349E332211A83F00DD9E18 /* Runtime_01UITests.m in Sources */,
			);
			runOnlyForDeploymentPostprocessing = 0;
		};
/* End PBXSourcesBuildPhase section */

/* Begin PBXTargetDependency section */
		C9349E252211A83F00DD9E18 /* PBXTargetDependency */ = {
			isa = PBXTargetDependency;
			target = C9349E0A2211A83E00DD9E18 /* Runtime_01 */;
			targetProxy = C9349E242211A83F00DD9E18 /* PBXContainerItemProxy */;
		};
		C9349E302211A83F00DD9E18 /* PBXTargetDependency */ = {
			isa = PBXTargetDependency;
			target = C9349E0A2211A83E00DD9E18 /* Runtime_01 */;
			targetProxy = C9349E2F2211A83F00DD9E18 /* PBXContainerItemProxy */;
		};
/* End PBXTargetDependency section */

/* Begin PBXVariantGroup section */
		C9349E142211A83E00DD9E18 /* Main.storyboard */ = {
			isa = PBXVariantGroup;
			children = (
				C9349E152211A83E00DD9E18 /* Base */,
			);
			name = Main.storyboard;
			sourceTree = "<group>";
		};
		C9349E192211A83F00DD9E18 /* LaunchScreen.storyboard */ = {
			isa = PBXVariantGroup;
			children = (
				C9349E1A2211A83F00DD9E18 /* Base */,
			);
			name = LaunchScreen.storyboard;
			sourceTree = "<group>";
		};
/* End PBXVariantGroup section */

/* Begin XCBuildConfiguration section */
		C9349E352211A83F00DD9E18 /* Debug */ = {
			isa = XCBuildConfiguration;
			buildSettings = {
				ALWAYS_SEARCH_USER_PATHS = NO;
				CLANG_ANALYZER_NONNULL = YES;
				CLANG_ANALYZER_NUMBER_OBJECT_CONVERSION = YES_AGGRESSIVE;
				CLANG_CXX_LANGUAGE_STANDARD = "gnu++14";
				CLANG_CXX_LIBRARY = "libc++";
				CLANG_ENABLE_MODULES = YES;
				CLANG_ENABLE_OBJC_ARC = YES;
				CLANG_ENABLE_OBJC_WEAK = YES;
				CLANG_WARN_BLOCK_CAPTURE_AUTORELEASING = YES;
				CLANG_WARN_BOOL_CONVERSION = YES;
				CLANG_WARN_COMMA = YES;
				CLANG_WARN_CONSTANT_CONVERSION = YES;
				CLANG_WARN_DEPRECATED_OBJC_IMPLEMENTATIONS = YES;
				CLANG_WARN_DIRECT_OBJC_ISA_USAGE = YES_ERROR;
				CLANG_WARN_DOCUMENTATION_COMMENTS = YES;
				CLANG_WARN_EMPTY_BODY = YES;
				CLANG_WARN_ENUM_CONVERSION = YES;
				CLANG_WARN_INFINITE_RECURSION = YES;
				CLANG_WARN_INT_CONVERSION = YES;
				CLANG_WARN_NON_LITERAL_NULL_CONVERSION = YES;
				CLANG_WARN_OBJC_IMPLICIT_RETAIN_SELF = YES;
				CLANG_WARN_OBJC_LITERAL_CONVERSION = YES;
				CLANG_WARN_OBJC_ROOT_CLASS = YES_ERROR;
				CLANG_WARN_RANGE_LOOP_ANALYSIS = YES;
				CLANG_WARN_STRICT_PROTOTYPES = YES;
				CLANG_WARN_SUSPICIOUS_MOVE = YES;
				CLANG_WARN_UNGUARDED_AVAILABILITY = YES_AGGRESSIVE;
				CLANG_WARN_UNREACHABLE_CODE = YES;
				CLANG_WARN__DUPLICATE_METHOD_MATCH = YES;
				CODE_SIGN_IDENTITY = "iPhone Developer";
				COPY_PHASE_STRIP = NO;
				DEBUG_INFORMATION_FORMAT = dwarf;
				ENABLE_STRICT_OBJC_MSGSEND = YES;
				ENABLE_TESTABILITY = YES;
				GCC_C_LANGUAGE_STANDARD = gnu11;
				GCC_DYNAMIC_NO_PIC = NO;
				GCC_NO_COMMON_BLOCKS = YES;
				GCC_OPTIMIZATION_LEVEL = 0;
				GCC_PREPROCESSOR_DEFINITIONS = (
					"DEBUG=1",
					"$(inherited)",
				);
				GCC_WARN_64_TO_32_BIT_CONVERSION = YES;
				GCC_WARN_ABOUT_RETURN_TYPE = YES_ERROR;
				GCC_WARN_UNDECLARED_SELECTOR = YES;
				GCC_WARN_UNINITIALIZED_AUTOS = YES_AGGRESSIVE;
				GCC_WARN_UNUSED_FUNCTION = YES;
				GCC_WARN_UNUSED_VARIABLE = YES;
				IPHONEOS_DEPLOYMENT_TARGET = 11.3;
				MTL_ENABLE_DEBUG_INFO = YES;
				ONLY_ACTIVE_ARCH = YES;
				SDKROOT = iphoneos;
			};
			name = Debug;
		};
		C9349E362211A83F00DD9E18 /* Release */ = {
			isa = XCBuildConfiguration;
			buildSettings = {
				ALWAYS_SEARCH_USER_PATHS = NO;
				CLANG_ANALYZER_NONNULL = YES;
				CLANG_ANALYZER_NUMBER_OBJECT_CONVERSION = YES_AGGRESSIVE;
				CLANG_CXX_LANGUAGE_STANDARD = "gnu++14";
				CLANG_CXX_LIBRARY = "libc++";
				CLANG_ENABLE_MODULES = YES;
				CLANG_ENABLE_OBJC_ARC = YES;
				CLANG_ENABLE_OBJC_WEAK = YES;
				CLANG_WARN_BLOCK_CAPTURE_AUTORELEASING = YES;
				CLANG_WARN_BOOL_CONVERSION = YES;
				CLANG_WARN_COMMA = YES;
				CLANG_WARN_CONSTANT_CONVERSION = YES;
				CLANG_WARN_DEPRECATED_OBJC_IMPLEMENTATIONS = YES;
				CLANG_WARN_DIRECT_OBJC_ISA_USAGE = YES_ERROR;
				CLANG_WARN_DOCUMENTATION_COMMENTS = YES;
				CLANG_WARN_EMPTY_BODY = YES;
				CLANG_WARN_ENUM_CONVERSION = YES;
				CLANG_WARN_INFINITE_RECURSION = YES;
				CLANG_WARN_INT_CONVERSION = YES;
				CLANG_WARN_NON_LITERAL_NULL_CONVERSION = YES;
				CLANG_WARN_OBJC_IMPLICIT_RETAIN_SELF = YES;
				CLANG_WARN_OBJC_LITERAL_CONVERSION = YES;
				CLANG_WARN_OBJC_ROOT_CLASS = YES_ERROR;
				CLANG_WARN_RANGE_LOOP_ANALYSIS = YES;
				CLANG_WARN_STRICT_PROTOTYPES = YES;
				CLANG_WARN_SUSPICIOUS_MOVE = YES;
				CLANG_WARN_UNGUARDED_AVAILABILITY = YES_AGGRESSIVE;
				CLANG_WARN_UNREACHABLE_CODE = YES;
				CLANG_WARN__DUPLICATE_METHOD_MATCH = YES;
				CODE_SIGN_IDENTITY = "iPhone Developer";
				COPY_PHASE_STRIP = NO;
				DEBUG_INFORMATION_FORMAT = "dwarf-with-dsym";
				ENABLE_NS_ASSERTIONS = NO;
				ENABLE_STRICT_OBJC_MSGSEND = YES;
				GCC_C_LANGUAGE_STANDARD = gnu11;
				GCC_NO_COMMON_BLOCKS = YES;
				GCC_WARN_64_TO_32_BIT_CONVERSION = YES;
				GCC_WARN_ABOUT_RETURN_TYPE = YES_ERROR;
				GCC_WARN_UNDECLARED_SELECTOR = YES;
				GCC_WARN_UNINITIALIZED_AUTOS = YES_AGGRESSIVE;
				GCC_WARN_UNUSED_FUNCTION = YES;
				GCC_WARN_UNUSED_VARIABLE = YES;
				IPHONEOS_DEPLOYMENT_TARGET = 11.3;
				MTL_ENABLE_DEBUG_INFO = NO;
				SDKROOT = iphoneos;
				VALIDATE_PRODUCT = YES;
			};
			name = Release;
		};
		C9349E382211A83F00DD9E18 /* Debug */ = {
			isa = XCBuildConfiguration;
			buildSettings = {
				ASSETCATALOG_COMPILER_APPICON_NAME = AppIcon;
				CODE_SIGN_STYLE = Automatic;
				DEVELOPMENT_TEAM = LZQU8K4TPD;
				ENABLE_STRICT_OBJC_MSGSEND = NO;
				INFOPLIST_FILE = Runtime_01/Info.plist;
				LD_RUNPATH_SEARCH_PATHS = (
					"$(inherited)",
					"@executable_path/Frameworks",
				);
				PRODUCT_BUNDLE_IDENTIFIER = "com.yahui.Runtime-01";
				PRODUCT_NAME = "$(TARGET_NAME)";
				TARGETED_DEVICE_FAMILY = "1,2";
			};
			name = Debug;
		};
		C9349E392211A83F00DD9E18 /* Release */ = {
			isa = XCBuildConfiguration;
			buildSettings = {
				ASSETCATALOG_COMPILER_APPICON_NAME = AppIcon;
				CODE_SIGN_STYLE = Automatic;
				DEVELOPMENT_TEAM = LZQU8K4TPD;
				ENABLE_STRICT_OBJC_MSGSEND = NO;
				INFOPLIST_FILE = Runtime_01/Info.plist;
				LD_RUNPATH_SEARCH_PATHS = (
					"$(inherited)",
					"@executable_path/Frameworks",
				);
				PRODUCT_BUNDLE_IDENTIFIER = "com.yahui.Runtime-01";
				PRODUCT_NAME = "$(TARGET_NAME)";
				TARGETED_DEVICE_FAMILY = "1,2";
			};
			name = Release;
		};
		C9349E3B2211A83F00DD9E18 /* Debug */ = {
			isa = XCBuildConfiguration;
			buildSettings = {
				BUNDLE_LOADER = "$(TEST_HOST)";
				CODE_SIGN_STYLE = Automatic;
				DEVELOPMENT_TEAM = LZQU8K4TPD;
				INFOPLIST_FILE = Runtime_01Tests/Info.plist;
				LD_RUNPATH_SEARCH_PATHS = (
					"$(inherited)",
					"@executable_path/Frameworks",
					"@loader_path/Frameworks",
				);
				PRODUCT_BUNDLE_IDENTIFIER = "com.yahui.Runtime-01Tests";
				PRODUCT_NAME = "$(TARGET_NAME)";
				TARGETED_DEVICE_FAMILY = "1,2";
				TEST_HOST = "$(BUILT_PRODUCTS_DIR)/Runtime_01.app/Runtime_01";
			};
			name = Debug;
		};
		C9349E3C2211A83F00DD9E18 /* Release */ = {
			isa = XCBuildConfiguration;
			buildSettings = {
				BUNDLE_LOADER = "$(TEST_HOST)";
				CODE_SIGN_STYLE = Automatic;
				DEVELOPMENT_TEAM = LZQU8K4TPD;
				INFOPLIST_FILE = Runtime_01Tests/Info.plist;
				LD_RUNPATH_SEARCH_PATHS = (
					"$(inherited)",
					"@executable_path/Frameworks",
					"@loader_path/Frameworks",
				);
				PRODUCT_BUNDLE_IDENTIFIER = "com.yahui.Runtime-01Tests";
				PRODUCT_NAME = "$(TARGET_NAME)";
				TARGETED_DEVICE_FAMILY = "1,2";
				TEST_HOST = "$(BUILT_PRODUCTS_DIR)/Runtime_01.app/Runtime_01";
			};
			name = Release;
		};
		C9349E3E2211A83F00DD9E18 /* Debug */ = {
			isa = XCBuildConfiguration;
			buildSettings = {
				CODE_SIGN_STYLE = Automatic;
				DEVELOPMENT_TEAM = LZQU8K4TPD;
				INFOPLIST_FILE = Runtime_01UITests/Info.plist;
				LD_RUNPATH_SEARCH_PATHS = (
					"$(inherited)",
					"@executable_path/Frameworks",
					"@loader_path/Frameworks",
				);
				PRODUCT_BUNDLE_IDENTIFIER = "com.yahui.Runtime-01UITests";
				PRODUCT_NAME = "$(TARGET_NAME)";
				TARGETED_DEVICE_FAMILY = "1,2";
				TEST_TARGET_NAME = Runtime_01;
			};
			name = Debug;
		};
		C9349E3F2211A83F00DD9E18 /* Release */ = {
			isa = XCBuildConfiguration;
			buildSettings = {
				CODE_SIGN_STYLE = Automatic;
				DEVELOPMENT_TEAM = LZQU8K4TPD;
				INFOPLIST_FILE = Runtime_01UITests/Info.plist;
				LD_RUNPATH_SEARCH_PATHS = (
					"$(inherited)",
					"@executable_path/Frameworks",
					"@loader_path/Frameworks",
				);
				PRODUCT_BUNDLE_IDENTIFIER = "com.yahui.Runtime-01UITests";
				PRODUCT_NAME = "$(TARGET_NAME)";
				TARGETED_DEVICE_FAMILY = "1,2";
				TEST_TARGET_NAME = Runtime_01;
			};
			name = Release;
		};
/* End XCBuildConfiguration section */

/* Begin XCConfigurationList section */
		C9349E062211A83E00DD9E18 /* Build configuration list for PBXProject "Runtime_01" */ = {
			isa = XCConfigurationList;
			buildConfigurations = (
				C9349E352211A83F00DD9E18 /* Debug */,
				C9349E362211A83F00DD9E18 /* Release */,
			);
			defaultConfigurationIsVisible = 0;
			defaultConfigurationName = Release;
		};
		C9349E372211A83F00DD9E18 /* Build configuration list for PBXNativeTarget "Runtime_01" */ = {
			isa = XCConfigurationList;
			buildConfigurations = (
				C9349E382211A83F00DD9E18 /* Debug */,
				C9349E392211A83F00DD9E18 /* Release */,
			);
			defaultConfigurationIsVisible = 0;
			defaultConfigurationName = Release;
		};
		C9349E3A2211A83F00DD9E18 /* Build configuration list for PBXNativeTarget "Runtime_01Tests" */ = {
			isa = XCConfigurationList;
			buildConfigurations = (
				C9349E3B2211A83F00DD9E18 /* Debug */,
				C9349E3C2211A83F00DD9E18 /* Release */,
			);
			defaultConfigurationIsVisible = 0;
			defaultConfigurationName = Release;
		};
		C9349E3D2211A83F00DD9E18 /* Build configuration list for PBXNativeTarget "Runtime_01UITests" */ = {
			isa = XCConfigurationList;
			buildConfigurations = (
				C9349E3E2211A83F00DD9E18 /* Debug */,
				C9349E3F2211A83F00DD9E18 /* Release */,
			);
			defaultConfigurationIsVisible = 0;
			defaultConfigurationName = Release;
		};
/* End XCConfigurationList section */
	};
	rootObject = C9349E032211A83E00DD9E18 /* Project object */;
}
